
Microsoft Visual Studio Solution File, Format Version 12.00
# Visual Studio Version 17
VisualStudioVersion = 17.0.31903.59
MinimumVisualStudioVersion = 10.0.40219.1
Project("{FAE04EC0-301F-11D3-BF4B-00C04F79EFBC}") = "Interaktiv Spel", "Interaktiv Spel\Interaktiv Spel.csproj", "{C5059287-9E7B-4735-B262-2DD85EF18BAD}"
EndProject
Global
	GlobalSection(SolutionConfigurationPlatforms) = preSolution
		Debug|Any CPU = Debug|Any CPU
		Release|Any CPU = Release|Any CPU
	EndGlobalSection
	GlobalSection(SolutionProperties) = preSolution
		HideSolutionNode = FALSE
	EndGlobalSection
	GlobalSection(ProjectConfigurationPlatforms) = postSolution
		{C5059287-9E7B-4735-B262-2DD85EF18BAD}.Debug|Any CPU.ActiveCfg = Debug|Any CPU
		{C5059287-9E7B-4735-B262-2DD85EF18BAD}.Debug|Any CPU.Build.0 = Debug|Any CPU
		{C5059287-9E7B-4735-B262-2DD85EF18BAD}.Release|Any CPU.ActiveCfg = Release|Any CPU
		{C5059287-9E7B-4735-B262-2DD85EF18BAD}.Release|Any CPU.Build.0 = Release|Any CPU
	EndGlobalSection
EndGlobal
